// !$*UTF8*$!
{
	archiveVersion = 1;
	classes = {
	};
	objectVersion = 77;
	objects = {

/* Begin PBXContainerItemProxy section */
		2D35BCDE2DC6C9E00087D0C5 /* PBXContainerItemProxy */ = {
			isa = PBXContainerItemProxy;
			containerPortal = 2D35BCC52DC6C9DE0087D0C5 /* Project object */;
			proxyType = 1;
			remoteGlobalIDString = 2D35BCCC2DC6C9DE0087D0C5;
			remoteInfo = WineScoreCards;
		};
		2D35BCE82DC6C9E00087D0C5 /* PBXContainerItemProxy */ = {
			isa = PBXContainerItemProxy;
			containerPortal = 2D35BCC52DC6C9DE0087D0C5 /* Project object */;
			proxyType = 1;
			remoteGlobalIDString = 2D35BCCC2DC6C9DE0087D0C5;
			remoteInfo = WineScoreCards;
		};
/* End PBXContainerItemProxy section */

/* Begin PBXFileReference section */
		2D35BCCD2DC6C9DE0087D0C5 /* WineScoreCards.app */ = {isa = PBXFileReference; explicitFileType = wrapper.application; includeInIndex = 0; path = WineScoreCards.app; sourceTree = BUILT_PRODUCTS_DIR; };
		2D35BCDD2DC6C9E00087D0C5 /* WineScoreCardsTests.xctest */ = {isa = PBXFileReference; explicitFileType = wrapper.cfbundle; includeInIndex = 0; path = WineScoreCardsTests.xctest; sourceTree = BUILT_PRODUCTS_DIR; };
		2D35BCE72DC6C9E00087D0C5 /* WineScoreCardsUITests.xctest */ = {isa = PBXFileReference; explicitFileType = wrapper.cfbundle; includeInIndex = 0; path = WineScoreCardsUITests.xctest; sourceTree = BUILT_PRODUCTS_DIR; };
/* End PBXFileReference section */

/* Begin PBXFileSystemSynchronizedRootGroup section */
		2D35BCCF2DC6C9DE0087D0C5 /* WineScoreCards */ = {
			isa = PBXFileSystemSynchronizedRootGroup;
			path = WineScoreCards;
			sourceTree = "<group>";
		};
		2D35BCE02DC6C9E00087D0C5 /* WineScoreCardsTests */ = {
			isa = PBXFileSystemSynchronizedRootGroup;
			path = WineScoreCardsTests;
			sourceTree = "<group>";
		};
		2D35BCEA2DC6C9E00087D0C5 /* WineScoreCardsUITests */ = {
			isa = PBXFileSystemSynchronizedRootGroup;
			path = WineScoreCardsUITests;
			sourceTree = "<group>";
		};
/* End PBXFileSystemSynchronizedRootGroup section */

/* Begin PBXFrameworksBuildPhase section */
		2D35BCCA2DC6C9DE0087D0C5 /* Frameworks */ = {
			isa = PBXFrameworksBuildPhase;
			buildActionMask = 2147483647;
			files = (
			);
			runOnlyForDeploymentPostprocessing = 0;
		};
		2D35BCDA2DC6C9E00087D0C5 /* Frameworks */ = {
			isa = PBXFrameworksBuildPhase;
			buildActionMask = 2147483647;
			files = (
			);
			runOnlyForDeploymentPostprocessing = 0;
		};
		2D35BCE42DC6C9E00087D0C5 /* Frameworks */ = {
			isa = PBXFrameworksBuildPhase;
			buildActionMask = 2147483647;
			files = (
			);
			runOnlyForDeploymentPostprocessing = 0;
		};
/* End PBXFrameworksBuildPhase section */

/* Begin PBXGroup section */
		2D35BCC42DC6C9DE0087D0C5 = {
			isa = PBXGroup;
			children = (
				2D35BCCF2DC6C9DE0087D0C5 /* WineScoreCards */,
				2D35BCE02DC6C9E00087D0C5 /* WineScoreCardsTests */,
				2D35BCEA2DC6C9E00087D0C5 /* WineScoreCardsUITests */,
				2D35BCCE2DC6C9DE0087D0C5 /* Products */,
			);
			sourceTree = "<group>";
		};
		2D35BCCE2DC6C9DE0087D0C5 /* Products */ = {
			isa = PBXGroup;
			children = (
				2D35BCCD2DC6C9DE0087D0C5 /* WineScoreCards.app */,
				2D35BCDD2DC6C9E00087D0C5 /* WineScoreCardsTests.xctest */,
				2D35BCE72DC6C9E00087D0C5 /* WineScoreCardsUITests.xctest */,
			);
			name = Products;
			sourceTree = "<group>";
		};
/* End PBXGroup section */

/* Begin PBXNativeTarget section */
		2D35BCCC2DC6C9DE0087D0C5 /* WineScoreCards */ = {
			isa = PBXNativeTarget;
			buildConfigurationList = 2D35BCF12DC6C9E00087D0C5 /* Build configuration list for PBXNativeTarget "WineScoreCards" */;
			buildPhases = (
				2D35BCC92DC6C9DE0087D0C5 /* Sources */,
				2D35BCCA2DC6C9DE0087D0C5 /* Frameworks */,
				2D35BCCB2DC6C9DE0087D0C5 /* Resources */,
			);
			buildRules = (
			);
			dependencies = (
			);
			fileSystemSynchronizedGroups = (
				2D35BCCF2DC6C9DE0087D0C5 /* WineScoreCards */,
			);
			name = WineScoreCards;
			packageProductDependencies = (
			);
			productName = WineScoreCards;
			productReference = 2D35BCCD2DC6C9DE0087D0C5 /* WineScoreCards.app */;
			productType = "com.apple.product-type.application";
		};
		2D35BCDC2DC6C9E00087D0C5 /* WineScoreCardsTests */ = {
			isa = PBXNativeTarget;
			buildConfigurationList = 2D35BCF42DC6C9E00087D0C5 /* Build configuration list for PBXNativeTarget "WineScoreCardsTests" */;
			buildPhases = (
				2D35BCD92DC6C9E00087D0C5 /* Sources */,
				2D35BCDA2DC6C9E00087D0C5 /* Frameworks */,
				2D35BCDB2DC6C9E00087D0C5 /* Resources */,
			);
			buildRules = (
			);
			dependencies = (
				2D35BCDF2DC6C9E00087D0C5 /* PBXTargetDependency */,
			);
			fileSystemSynchronizedGroups = (
				2D35BCE02DC6C9E00087D0C5 /* WineScoreCardsTests */,
			);
			name = WineScoreCardsTests;
			packageProductDependencies = (
			);
			productName = WineScoreCardsTests;
			productReference = 2D35BCDD2DC6C9E00087D0C5 /* WineScoreCardsTests.xctest */;
			productType = "com.apple.product-type.bundle.unit-test";
		};
		2D35BCE62DC6C9E00087D0C5 /* WineScoreCardsUITests */ = {
			isa = PBXNativeTarget;
			buildConfigurationList = 2D35BCF72DC6C9E00087D0C5 /* Build configuration list for PBXNativeTarget "WineScoreCardsUITests" */;
			buildPhases = (
				2D35BCE32DC6C9E00087D0C5 /* Sources */,
				2D35BCE42DC6C9E00087D0C5 /* Frameworks */,
				2D35BCE52DC6C9E00087D0C5 /* Resources */,
			);
			buildRules = (
			);
			dependencies = (
				2D35BCE92DC6C9E00087D0C5 /* PBXTargetDependency */,
			);
			fileSystemSynchronizedGroups = (
				2D35BCEA2DC6C9E00087D0C5 /* WineScoreCardsUITests */,
			);
			name = WineScoreCardsUITests;
			packageProductDependencies = (
			);
			productName = WineScoreCardsUITests;
			productReference = 2D35BCE72DC6C9E00087D0C5 /* WineScoreCardsUITests.xctest */;
			productType = "com.apple.product-type.bundle.ui-testing";
		};
/* End PBXNativeTarget section */

/* Begin PBXProject section */
		2D35BCC52DC6C9DE0087D0C5 /* Project object */ = {
			isa = PBXProject;
			attributes = {
				BuildIndependentTargetsInParallel = 1;
				LastSwiftUpdateCheck = 1600;
				LastUpgradeCheck = 1600;
				TargetAttributes = {
					2D35BCCC2DC6C9DE0087D0C5 = {
						CreatedOnToolsVersion = 16.0;
					};
					2D35BCDC2DC6C9E00087D0C5 = {
						CreatedOnToolsVersion = 16.0;
						TestTargetID = 2D35BCCC2DC6C9DE0087D0C5;
					};
					2D35BCE62DC6C9E00087D0C5 = {
						CreatedOnToolsVersion = 16.0;
						TestTargetID = 2D35BCCC2DC6C9DE0087D0C5;
					};
				};
			};
			buildConfigurationList = 2D35BCC82DC6C9DE0087D0C5 /* Build configuration list for PBXProject "WineScoreCards" */;
			developmentRegion = en;
			hasScannedForEncodings = 0;
			knownRegions = (
				en,
				Base,
			);
			mainGroup = 2D35BCC42DC6C9DE0087D0C5;
			minimizedProjectReferenceProxies = 1;
			preferredProjectObjectVersion = 77;
			productRefGroup = 2D35BCCE2DC6C9DE0087D0C5 /* Products */;
			projectDirPath = "";
			projectRoot = "";
			targets = (
				2D35BCCC2DC6C9DE0087D0C5 /* WineScoreCards */,
				2D35BCDC2DC6C9E00087D0C5 /* WineScoreCardsTests */,
				2D35BCE62DC6C9E00087D0C5 /* WineScoreCardsUITests */,
			);
		};
/* End PBXProject section */

/* Begin PBXResourcesBuildPhase section */
		2D35BCCB2DC6C9DE0087D0C5 /* Resources */ = {
			isa = PBXResourcesBuildPhase;
			buildActionMask = 2147483647;
			files = (
			);
			runOnlyForDeploymentPostprocessing = 0;
		};
		2D35BCDB2DC6C9E00087D0C5 /* Resources */ = {
			isa = PBXResourcesBuildPhase;
			buildActionMask = 2147483647;
			files = (
			);
			runOnlyForDeploymentPostprocessing = 0;
		};
		2D35BCE52DC6C9E00087D0C5 /* Resources */ = {
			isa = PBXResourcesBuildPhase;
			buildActionMask = 2147483647;
			files = (
			);
			runOnlyForDeploymentPostprocessing = 0;
		};
/* End PBXResourcesBuildPhase section */

/* Begin PBXSourcesBuildPhase section */
		2D35BCC92DC6C9DE0087D0C5 /* Sources */ = {
			isa = PBXSourcesBuildPhase;
			buildActionMask = 2147483647;
			files = (
			);
			runOnlyForDeploymentPostprocessing = 0;
		};
		2D35BCD92DC6C9E00087D0C5 /* Sources */ = {
			isa = PBXSourcesBuildPhase;
			buildActionMask = 2147483647;
			files = (
			);
			runOnlyForDeploymentPostprocessing = 0;
		};
		2D35BCE32DC6C9E00087D0C5 /* Sources */ = {
			isa = PBXSourcesBuildPhase;
			buildActionMask = 2147483647;
			files = (
			);
			runOnlyForDeploymentPostprocessing = 0;
		};
/* End PBXSourcesBuildPhase section */

/* Begin PBXTargetDependency section */
		2D35BCDF2DC6C9E00087D0C5 /* PBXTargetDependency */ = {
			isa = PBXTargetDependency;
			target = 2D35BCCC2DC6C9DE0087D0C5 /* WineScoreCards */;
			targetProxy = 2D35BCDE2DC6C9E00087D0C5 /* PBXContainerItemProxy */;
		};
		2D35BCE92DC6C9E00087D0C5 /* PBXTargetDependency */ = {
			isa = PBXTargetDependency;
			target = 2D35BCCC2DC6C9DE0087D0C5 /* WineScoreCards */;
			targetProxy = 2D35BCE82DC6C9E00087D0C5 /* PBXContainerItemProxy */;
		};
/* End PBXTargetDependency section */

/* Begin XCBuildConfiguration section */
		2D35BCEF2DC6C9E00087D0C5 /* Debug */ = {
			isa = XCBuildConfiguration;
			buildSettings = {
				ALWAYS_SEARCH_USER_PATHS = NO;
				ASSETCATALOG_COMPILER_GENERATE_SWIFT_ASSET_SYMBOL_EXTENSIONS = YES;
				CLANG_ANALYZER_NONNULL = YES;
				CLANG_ANALYZER_NUMBER_OBJECT_CONVERSION = YES_AGGRESSIVE;
				CLANG_CXX_LANGUAGE_STANDARD = "gnu++20";
				CLANG_ENABLE_MODULES = YES;
				CLANG_ENABLE_OBJC_ARC = YES;
				CLANG_ENABLE_OBJC_WEAK = YES;
				CLANG_WARN_BLOCK_CAPTURE_AUTORELEASING = YES;
				CLANG_WARN_BOOL_CONVERSION = YES;
				CLANG_WARN_COMMA = YES;
				CLANG_WARN_CONSTANT_CONVERSION = YES;
				CLANG_WARN_DEPRECATED_OBJC_IMPLEMENTATIONS = YES;
				CLANG_WARN_DIRECT_OBJC_ISA_USAGE = YES_ERROR;
				CLANG_WARN_DOCUMENTATION_COMMENTS = YES;
				CLANG_WARN_EMPTY_BODY = YES;
				CLANG_WARN_ENUM_CONVERSION = YES;
				CLANG_WARN_INFINITE_RECURSION = YES;
				CLANG_WARN_INT_CONVERSION = YES;
				CLANG_WARN_NON_LITERAL_NULL_CONVERSION = YES;
				CLANG_WARN_OBJC_IMPLICIT_RETAIN_SELF = YES;
				CLANG_WARN_OBJC_LITERAL_CONVERSION = YES;
				CLANG_WARN_OBJC_ROOT_CLASS = YES_ERROR;
				CLANG_WARN_QUOTED_INCLUDE_IN_FRAMEWORK_HEADER = YES;
				CLANG_WARN_RANGE_LOOP_ANALYSIS = YES;
				CLANG_WARN_STRICT_PROTOTYPES = YES;
				CLANG_WARN_SUSPICIOUS_MOVE = YES;
				CLANG_WARN_UNGUARDED_AVAILABILITY = YES_AGGRESSIVE;
				CLANG_WARN_UNREACHABLE_CODE = YES;
				CLANG_WARN__DUPLICATE_METHOD_MATCH = YES;
				COPY_PHASE_STRIP = NO;
				DEBUG_INFORMATION_FORMAT = dwarf;
				ENABLE_STRICT_OBJC_MSGSEND = YES;
				ENABLE_TESTABILITY = YES;
				ENABLE_USER_SCRIPT_SANDBOXING = YES;
				GCC_C_LANGUAGE_STANDARD = gnu17;
				GCC_DYNAMIC_NO_PIC = NO;
				GCC_NO_COMMON_BLOCKS = YES;
				GCC_OPTIMIZATION_LEVEL = 0;
				GCC_PREPROCESSOR_DEFINITIONS = (
					"DEBUG=1",
					"$(inherited)",
				);
				GCC_WARN_64_TO_32_BIT_CONVERSION = YES;
				GCC_WARN_ABOUT_RETURN_TYPE = YES_ERROR;
				GCC_WARN_UNDECLARED_SELECTOR = YES;
				GCC_WARN_UNINITIALIZED_AUTOS = YES_AGGRESSIVE;
				GCC_WARN_UNUSED_FUNCTION = YES;
				GCC_WARN_UNUSED_VARIABLE = YES;
				IPHONEOS_DEPLOYMENT_TARGET = 18.0;
				LOCALIZATION_PREFERS_STRING_CATALOGS = YES;
				MTL_ENABLE_DEBUG_INFO = INCLUDE_SOURCE;
				MTL_FAST_MATH = YES;
				ONLY_ACTIVE_ARCH = YES;
				SDKROOT = iphoneos;
				SWIFT_ACTIVE_COMPILATION_CONDITIONS = "DEBUG $(inherited)";
				SWIFT_OPTIMIZATION_LEVEL = "-Onone";
			};
			name = Debug;
		};
		2D35BCF02DC6C9E00087D0C5 /* Release */ = {
			isa = XCBuildConfiguration;
			buildSettings = {
				ALWAYS_SEARCH_USER_PATHS = NO;
				ASSETCATALOG_COMPILER_GENERATE_SWIFT_ASSET_SYMBOL_EXTENSIONS = YES;
				CLANG_ANALYZER_NONNULL = YES;
				CLANG_ANALYZER_NUMBER_OBJECT_CONVERSION = YES_AGGRESSIVE;
				CLANG_CXX_LANGUAGE_STANDARD = "gnu++20";
				CLANG_ENABLE_MODULES = YES;
				CLANG_ENABLE_OBJC_ARC = YES;
				CLANG_ENABLE_OBJC_WEAK = YES;
				CLANG_WARN_BLOCK_CAPTURE_AUTORELEASING = YES;
				CLANG_WARN_BOOL_CONVERSION = YES;
				CLANG_WARN_COMMA = YES;
				CLANG_WARN_CONSTANT_CONVERSION = YES;
				CLANG_WARN_DEPRECATED_OBJC_IMPLEMENTATIONS = YES;
				CLANG_WARN_DIRECT_OBJC_ISA_USAGE = YES_ERROR;
				CLANG_WARN_DOCUMENTATION_COMMENTS = YES;
				CLANG_WARN_EMPTY_BODY = YES;
				CLANG_WARN_ENUM_CONVERSION = YES;
				CLANG_WARN_INFINITE_RECURSION = YES;
				CLANG_WARN_INT_CONVERSION = YES;
				CLANG_WARN_NON_LITERAL_NULL_CONVERSION = YES;
				CLANG_WARN_OBJC_IMPLICIT_RETAIN_SELF = YES;
				CLANG_WARN_OBJC_LITERAL_CONVERSION = YES;
				CLANG_WARN_OBJC_ROOT_CLASS = YES_ERROR;
				CLANG_WARN_QUOTED_INCLUDE_IN_FRAMEWORK_HEADER = YES;
				CLANG_WARN_RANGE_LOOP_ANALYSIS = YES;
				CLANG_WARN_STRICT_PROTOTYPES = YES;
				CLANG_WARN_SUSPICIOUS_MOVE = YES;
				CLANG_WARN_UNGUARDED_AVAILABILITY = YES_AGGRESSIVE;
				CLANG_WARN_UNREACHABLE_CODE = YES;
				CLANG_WARN__DUPLICATE_METHOD_MATCH = YES;
				COPY_PHASE_STRIP = NO;
				DEBUG_INFORMATION_FORMAT = "dwarf-with-dsym";
				ENABLE_NS_ASSERTIONS = NO;
				ENABLE_STRICT_OBJC_MSGSEND = YES;
				ENABLE_USER_SCRIPT_SANDBOXING = YES;
				GCC_C_LANGUAGE_STANDARD = gnu17;
				GCC_NO_COMMON_BLOCKS = YES;
				GCC_WARN_64_TO_32_BIT_CONVERSION = YES;
				GCC_WARN_ABOUT_RETURN_TYPE = YES_ERROR;
				GCC_WARN_UNDECLARED_SELECTOR = YES;
				GCC_WARN_UNINITIALIZED_AUTOS = YES_AGGRESSIVE;
				GCC_WARN_UNUSED_FUNCTION = YES;
				GCC_WARN_UNUSED_VARIABLE = YES;
				IPHONEOS_DEPLOYMENT_TARGET = 18.0;
				LOCALIZATION_PREFERS_STRING_CATALOGS = YES;
				MTL_ENABLE_DEBUG_INFO = NO;
				MTL_FAST_MATH = YES;
				SDKROOT = iphoneos;
				SWIFT_COMPILATION_MODE = wholemodule;
				VALIDATE_PRODUCT = YES;
			};
			name = Release;
		};
		2D35BCF22DC6C9E00087D0C5 /* Debug */ = {
			isa = XCBuildConfiguration;
			buildSettings = {
				ASSETCATALOG_COMPILER_APPICON_NAME = AppIcon;
				ASSETCATALOG_COMPILER_GLOBAL_ACCENT_COLOR_NAME = AccentColor;
				CODE_SIGN_STYLE = Automatic;
				CURRENT_PROJECT_VERSION = 1;
				DEVELOPMENT_ASSET_PATHS = "\"WineScoreCards/Preview Content\"";
				DEVELOPMENT_TEAM = R733W3ZHT2;
				ENABLE_PREVIEWS = YES;
				GENERATE_INFOPLIST_FILE = YES;
				INFOPLIST_KEY_UIApplicationSceneManifest_Generation = YES;
				INFOPLIST_KEY_UIApplicationSupportsIndirectInputEvents = YES;
				INFOPLIST_KEY_UILaunchScreen_Generation = YES;
				INFOPLIST_KEY_UISupportedInterfaceOrientations_iPad = "UIInterfaceOrientationPortrait UIInterfaceOrientationPortraitUpsideDown UIInterfaceOrientationLandscapeLeft UIInterfaceOrientationLandscapeRight";
				INFOPLIST_KEY_UISupportedInterfaceOrientations_iPhone = "UIInterfaceOrientationPortrait UIInterfaceOrientationLandscapeLeft UIInterfaceOrientationLandscapeRight";
				LD_RUNPATH_SEARCH_PATHS = (
					"$(inherited)",
					"@executable_path/Frameworks",
				);
				MARKETING_VERSION = 1.0;
				PRODUCT_BUNDLE_IDENTIFIER = cs311.WineScoreCards;
				PRODUCT_NAME = "$(TARGET_NAME)";
				SWIFT_EMIT_LOC_STRINGS = YES;
				SWIFT_VERSION = 5.0;
				TARGETED_DEVICE_FAMILY = "1,2";
			};
			name = Debug;
		};
		2D35BCF32DC6C9E00087D0C5 /* Release */ = {
			isa = XCBuildConfiguration;
			buildSettings = {
				ASSETCATALOG_COMPILER_APPICON_NAME = AppIcon;
				ASSETCATALOG_COMPILER_GLOBAL_ACCENT_COLOR_NAME = AccentColor;
				CODE_SIGN_STYLE = Automatic;
				CURRENT_PROJECT_VERSION = 1;
				DEVELOPMENT_ASSET_PATHS = "\"WineScoreCards/Preview Content\"";
				DEVELOPMENT_TEAM = R733W3ZHT2;
				ENABLE_PREVIEWS = YES;
				GENERATE_INFOPLIST_FILE = YES;
				INFOPLIST_KEY_UIApplicationSceneManifest_Generation = YES;
				INFOPLIST_KEY_UIApplicationSupportsIndirectInputEvents = YES;
				INFOPLIST_KEY_UILaunchScreen_Generation = YES;
				INFOPLIST_KEY_UISupportedInterfaceOrientations_iPad = "UIInterfaceOrientationPortrait UIInterfaceOrientationPortraitUpsideDown UIInterfaceOrientationLandscapeLeft UIInterfaceOrientationLandscapeRight";
				INFOPLIST_KEY_UISupportedInterfaceOrientations_iPhone = "UIInterfaceOrientationPortrait UIInterfaceOrientationLandscapeLeft UIInterfaceOrientationLandscapeRight";
				LD_RUNPATH_SEARCH_PATHS = (
					"$(inherited)",
					"@executable_path/Frameworks",
				);
				MARKETING_VERSION = 1.0;
				PRODUCT_BUNDLE_IDENTIFIER = cs311.WineScoreCards;
				PRODUCT_NAME = "$(TARGET_NAME)";
				SWIFT_EMIT_LOC_STRINGS = YES;
				SWIFT_VERSION = 5.0;
				TARGETED_DEVICE_FAMILY = "1,2";
			};
			name = Release;
		};
		2D35BCF52DC6C9E00087D0C5 /* Debug */ = {
			isa = XCBuildConfiguration;
			buildSettings = {
				BUNDLE_LOADER = "$(TEST_HOST)";
				CODE_SIGN_STYLE = Automatic;
				CURRENT_PROJECT_VERSION = 1;
				DEVELOPMENT_TEAM = R733W3ZHT2;
				GENERATE_INFOPLIST_FILE = YES;
				IPHONEOS_DEPLOYMENT_TARGET = 18.0;
				MARKETING_VERSION = 1.0;
				PRODUCT_BUNDLE_IDENTIFIER = cs311.WineScoreCardsTests;
				PRODUCT_NAME = "$(TARGET_NAME)";
				SWIFT_EMIT_LOC_STRINGS = NO;
				SWIFT_VERSION = 5.0;
				TARGETED_DEVICE_FAMILY = "1,2";
				TEST_HOST = "$(BUILT_PRODUCTS_DIR)/WineScoreCards.app/$(BUNDLE_EXECUTABLE_FOLDER_PATH)/WineScoreCards";
			};
			name = Debug;
		};
		2D35BCF62DC6C9E00087D0C5 /* Release */ = {
			isa = XCBuildConfiguration;
			buildSettings = {
				BUNDLE_LOADER = "$(TEST_HOST)";
				CODE_SIGN_STYLE = Automatic;
				CURRENT_PROJECT_VERSION = 1;
				DEVELOPMENT_TEAM = R733W3ZHT2;
				GENERATE_INFOPLIST_FILE = YES;
				IPHONEOS_DEPLOYMENT_TARGET = 18.0;
				MARKETING_VERSION = 1.0;
				PRODUCT_BUNDLE_IDENTIFIER = cs311.WineScoreCardsTests;
				PRODUCT_NAME = "$(TARGET_NAME)";
				SWIFT_EMIT_LOC_STRINGS = NO;
				SWIFT_VERSION = 5.0;
				TARGETED_DEVICE_FAMILY = "1,2";
				TEST_HOST = "$(BUILT_PRODUCTS_DIR)/WineScoreCards.app/$(BUNDLE_EXECUTABLE_FOLDER_PATH)/WineScoreCards";
			};
			name = Release;
		};
		2D35BCF82DC6C9E00087D0C5 /* Debug */ = {
			isa = XCBuildConfiguration;
			buildSettings = {
				CODE_SIGN_STYLE = Automatic;
				CURRENT_PROJECT_VERSION = 1;
				DEVELOPMENT_TEAM = R733W3ZHT2;
				GENERATE_INFOPLIST_FILE = YES;
				MARKETING_VERSION = 1.0;
				PRODUCT_BUNDLE_IDENTIFIER = cs311.WineScoreCardsUITests;
				PRODUCT_NAME = "$(TARGET_NAME)";
				SWIFT_EMIT_LOC_STRINGS = NO;
				SWIFT_VERSION = 5.0;
				TARGETED_DEVICE_FAMILY = "1,2";
				TEST_TARGET_NAME = WineScoreCards;
			};
			name = Debug;
		};
		2D35BCF92DC6C9E00087D0C5 /* Release */ = {
			isa = XCBuildConfiguration;
			buildSettings = {
				CODE_SIGN_STYLE = Automatic;
				CURRENT_PROJECT_VERSION = 1;
				DEVELOPMENT_TEAM = R733W3ZHT2;
				GENERATE_INFOPLIST_FILE = YES;
				MARKETING_VERSION = 1.0;
				PRODUCT_BUNDLE_IDENTIFIER = cs311.WineScoreCardsUITests;
				PRODUCT_NAME = "$(TARGET_NAME)";
				SWIFT_EMIT_LOC_STRINGS = NO;
				SWIFT_VERSION = 5.0;
				TARGETED_DEVICE_FAMILY = "1,2";
				TEST_TARGET_NAME = WineScoreCards;
			};
			name = Release;
		};
/* End XCBuildConfiguration section */

/* Begin XCConfigurationList section */
		2D35BCC82DC6C9DE0087D0C5 /* Build configuration list for PBXProject "WineScoreCards" */ = {
			isa = XCConfigurationList;
			buildConfigurations = (
				2D35BCEF2DC6C9E00087D0C5 /* Debug */,
				2D35BCF02DC6C9E00087D0C5 /* Release */,
			);
			defaultConfigurationIsVisible = 0;
			defaultConfigurationName = Release;
		};
		2D35BCF12DC6C9E00087D0C5 /* Build configuration list for PBXNativeTarget "WineScoreCards" */ = {
			isa = XCConfigurationList;
			buildConfigurations = (
				2D35BCF22DC6C9E00087D0C5 /* Debug */,
				2D35BCF32DC6C9E00087D0C5 /* Release */,
			);
			defaultConfigurationIsVisible = 0;
			defaultConfigurationName = Release;
		};
		2D35BCF42DC6C9E00087D0C5 /* Build configuration list for PBXNativeTarget "WineScoreCardsTests" */ = {
			isa = XCConfigurationList;
			buildConfigurations = (
				2D35BCF52DC6C9E00087D0C5 /* Debug */,
				2D35BCF62DC6C9E00087D0C5 /* Release */,
			);
			defaultConfigurationIsVisible = 0;
			defaultConfigurationName = Release;
		};
		2D35BCF72DC6C9E00087D0C5 /* Build configuration list for PBXNativeTarget "WineScoreCardsUITests" */ = {
			isa = XCConfigurationList;
			buildConfigurations = (
				2D35BCF82DC6C9E00087D0C5 /* Debug */,
				2D35BCF92DC6C9E00087D0C5 /* Release */,
			);
			defaultConfigurationIsVisible = 0;
			defaultConfigurationName = Release;
		};
/* End XCConfigurationList section */
	};
	rootObject = 2D35BCC52DC6C9DE0087D0C5 /* Project object */;
}
